// !$*UTF8*$!
{
	archiveVersion = 1;
	classes = {
	};
	objectVersion = 46;
	objects = {

/* Begin PBXBuildFile section */
		540792E44D436EF8E71979D4 /* Pods_widgetT.framework in Frameworks */ = {isa = PBXBuildFile; fileRef = C2A25D426427CD2416FD2FE7 /* Pods_widgetT.framework */; };
		631338021D98C88300CE6BCD /* main.m in Sources */ = {isa = PBXBuildFile; fileRef = 631338011D98C88300CE6BCD /* main.m */; };
		631338051D98C88300CE6BCD /* AppDelegate.m in Sources */ = {isa = PBXBuildFile; fileRef = 631338041D98C88300CE6BCD /* AppDelegate.m */; };
		631338081D98C88300CE6BCD /* ViewController.m in Sources */ = {isa = PBXBuildFile; fileRef = 631338071D98C88300CE6BCD /* ViewController.m */; };
		6313380B1D98C88300CE6BCD /* Main.storyboard in Resources */ = {isa = PBXBuildFile; fileRef = 631338091D98C88300CE6BCD /* Main.storyboard */; };
		6313380D1D98C88300CE6BCD /* Assets.xcassets in Resources */ = {isa = PBXBuildFile; fileRef = 6313380C1D98C88300CE6BCD /* Assets.xcassets */; };
		631338101D98C88300CE6BCD /* LaunchScreen.storyboard in Resources */ = {isa = PBXBuildFile; fileRef = 6313380E1D98C88300CE6BCD /* LaunchScreen.storyboard */; };
		632E93BC1D9D10AD00D23E19 /* FontAwesome.ttf in Resources */ = {isa = PBXBuildFile; fileRef = 632E93BB1D9D10AD00D23E19 /* FontAwesome.ttf */; };
		63746B5D1DAE0C18008DFE73 /* NotificationCenter.framework in Frameworks */ = {isa = PBXBuildFile; fileRef = 63746B5C1DAE0C18008DFE73 /* NotificationCenter.framework */; };
		63746B611DAE0C18008DFE73 /* TodayViewController.m in Sources */ = {isa = PBXBuildFile; fileRef = 63746B601DAE0C18008DFE73 /* TodayViewController.m */; };
		63746B641DAE0C18008DFE73 /* MainInterface.storyboard in Resources */ = {isa = PBXBuildFile; fileRef = 63746B621DAE0C18008DFE73 /* MainInterface.storyboard */; };
		63746B681DAE0C18008DFE73 /* widgetT.appex in Embed App Extensions */ = {isa = PBXBuildFile; fileRef = 63746B5B1DAE0C18008DFE73 /* widgetT.appex */; settings = {ATTRIBUTES = (RemoveHeadersOnCopy, ); }; };
		E8781A7631DE83BE6CB79C80 /* Pods_mainProject.framework in Frameworks */ = {isa = PBXBuildFile; fileRef = D79877C71E642EFD58218D25 /* Pods_mainProject.framework */; };
/* End PBXBuildFile section */

/* Begin PBXContainerItemProxy section */
		63746B661DAE0C18008DFE73 /* PBXContainerItemProxy */ = {
			isa = PBXContainerItemProxy;
			containerPortal = 631337F51D98C88300CE6BCD /* Project object */;
			proxyType = 1;
			remoteGlobalIDString = 63746B5A1DAE0C18008DFE73;
			remoteInfo = widgetT;
		};
/* End PBXContainerItemProxy section */

/* Begin PBXCopyFilesBuildPhase section */
		63746B6C1DAE0C18008DFE73 /* Embed App Extensions */ = {
			isa = PBXCopyFilesBuildPhase;
			buildActionMask = 2147483647;
			dstPath = "";
			dstSubfolderSpec = 13;
			files = (
				63746B681DAE0C18008DFE73 /* widgetT.appex in Embed App Extensions */,
			);
			name = "Embed App Extensions";
			runOnlyForDeploymentPostprocessing = 0;
		};
/* End PBXCopyFilesBuildPhase section */

/* Begin PBXFileReference section */
		1BD20D64F0E6E8A4A374D8EF /* Pods-widgetT.release.xcconfig */ = {isa = PBXFileReference; includeInIndex = 1; lastKnownFileType = text.xcconfig; name = "Pods-widgetT.release.xcconfig"; path = "Pods/Target Support Files/Pods-widgetT/Pods-widgetT.release.xcconfig"; sourceTree = "<group>"; };
		44E75AAA7682857377262237 /* Pods-widgetT.debug.xcconfig */ = {isa = PBXFileReference; includeInIndex = 1; lastKnownFileType = text.xcconfig; name = "Pods-widgetT.debug.xcconfig"; path = "Pods/Target Support Files/Pods-widgetT/Pods-widgetT.debug.xcconfig"; sourceTree = "<group>"; };
		631337FD1D98C88300CE6BCD /* mainProject.app */ = {isa = PBXFileReference; explicitFileType = wrapper.application; includeInIndex = 0; path = mainProject.app; sourceTree = BUILT_PRODUCTS_DIR; };
		631338011D98C88300CE6BCD /* main.m */ = {isa = PBXFileReference; lastKnownFileType = sourcecode.c.objc; path = main.m; sourceTree = "<group>"; };
		631338031D98C88300CE6BCD /* AppDelegate.h */ = {isa = PBXFileReference; lastKnownFileType = sourcecode.c.h; path = AppDelegate.h; sourceTree = "<group>"; };
		631338041D98C88300CE6BCD /* AppDelegate.m */ = {isa = PBXFileReference; lastKnownFileType = sourcecode.c.objc; path = AppDelegate.m; sourceTree = "<group>"; };
		631338061D98C88300CE6BCD /* ViewController.h */ = {isa = PBXFileReference; lastKnownFileType = sourcecode.c.h; path = ViewController.h; sourceTree = "<group>"; };
		631338071D98C88300CE6BCD /* ViewController.m */ = {isa = PBXFileReference; lastKnownFileType = sourcecode.c.objc; path = ViewController.m; sourceTree = "<group>"; };
		6313380A1D98C88300CE6BCD /* Base */ = {isa = PBXFileReference; lastKnownFileType = file.storyboard; name = Base; path = Base.lproj/Main.storyboard; sourceTree = "<group>"; };
		6313380C1D98C88300CE6BCD /* Assets.xcassets */ = {isa = PBXFileReference; lastKnownFileType = folder.assetcatalog; path = Assets.xcassets; sourceTree = "<group>"; };
		6313380F1D98C88300CE6BCD /* Base */ = {isa = PBXFileReference; lastKnownFileType = file.storyboard; name = Base; path = Base.lproj/LaunchScreen.storyboard; sourceTree = "<group>"; };
		631338111D98C88300CE6BCD /* Info.plist */ = {isa = PBXFileReference; lastKnownFileType = text.plist.xml; path = Info.plist; sourceTree = "<group>"; };
		632E93BB1D9D10AD00D23E19 /* FontAwesome.ttf */ = {isa = PBXFileReference; lastKnownFileType = file; path = FontAwesome.ttf; sourceTree = "<group>"; };
		63746B5B1DAE0C18008DFE73 /* widgetT.appex */ = {isa = PBXFileReference; explicitFileType = "wrapper.app-extension"; includeInIndex = 0; path = widgetT.appex; sourceTree = BUILT_PRODUCTS_DIR; };
		63746B5C1DAE0C18008DFE73 /* NotificationCenter.framework */ = {isa = PBXFileReference; lastKnownFileType = wrapper.framework; name = NotificationCenter.framework; path = System/Library/Frameworks/NotificationCenter.framework; sourceTree = SDKROOT; };
		63746B5F1DAE0C18008DFE73 /* TodayViewController.h */ = {isa = PBXFileReference; lastKnownFileType = sourcecode.c.h; path = TodayViewController.h; sourceTree = "<group>"; };
		63746B601DAE0C18008DFE73 /* TodayViewController.m */ = {isa = PBXFileReference; lastKnownFileType = sourcecode.c.objc; path = TodayViewController.m; sourceTree = "<group>"; };
		63746B631DAE0C18008DFE73 /* Base */ = {isa = PBXFileReference; lastKnownFileType = file.storyboard; name = Base; path = Base.lproj/MainInterface.storyboard; sourceTree = "<group>"; };
		63746B651DAE0C18008DFE73 /* Info.plist */ = {isa = PBXFileReference; lastKnownFileType = text.plist.xml; path = Info.plist; sourceTree = "<group>"; };
		A563A50A5FA3334AA06EFE80 /* Pods-mainProject.release.xcconfig */ = {isa = PBXFileReference; includeInIndex = 1; lastKnownFileType = text.xcconfig; name = "Pods-mainProject.release.xcconfig"; path = "Pods/Target Support Files/Pods-mainProject/Pods-mainProject.release.xcconfig"; sourceTree = "<group>"; };
		C2A25D426427CD2416FD2FE7 /* Pods_widgetT.framework */ = {isa = PBXFileReference; explicitFileType = wrapper.framework; includeInIndex = 0; path = Pods_widgetT.framework; sourceTree = BUILT_PRODUCTS_DIR; };
		D79877C71E642EFD58218D25 /* Pods_mainProject.framework */ = {isa = PBXFileReference; explicitFileType = wrapper.framework; includeInIndex = 0; path = Pods_mainProject.framework; sourceTree = BUILT_PRODUCTS_DIR; };
		FE1FE0D87307B25C6313C507 /* Pods-mainProject.debug.xcconfig */ = {isa = PBXFileReference; includeInIndex = 1; lastKnownFileType = text.xcconfig; name = "Pods-mainProject.debug.xcconfig"; path = "Pods/Target Support Files/Pods-mainProject/Pods-mainProject.debug.xcconfig"; sourceTree = "<group>"; };
/* End PBXFileReference section */

/* Begin PBXFrameworksBuildPhase section */
		631337FA1D98C88300CE6BCD /* Frameworks */ = {
			isa = PBXFrameworksBuildPhase;
			buildActionMask = 2147483647;
			files = (
				E8781A7631DE83BE6CB79C80 /* Pods_mainProject.framework in Frameworks */,
			);
			runOnlyForDeploymentPostprocessing = 0;
		};
		63746B581DAE0C18008DFE73 /* Frameworks */ = {
			isa = PBXFrameworksBuildPhase;
			buildActionMask = 2147483647;
			files = (
				63746B5D1DAE0C18008DFE73 /* NotificationCenter.framework in Frameworks */,
				540792E44D436EF8E71979D4 /* Pods_widgetT.framework in Frameworks */,
			);
			runOnlyForDeploymentPostprocessing = 0;
		};
/* End PBXFrameworksBuildPhase section */

/* Begin PBXGroup section */
		631337F41D98C88300CE6BCD = {
			isa = PBXGroup;
			children = (
				631337FF1D98C88300CE6BCD /* mainProject */,
				63746B5E1DAE0C18008DFE73 /* widgetT */,
				631337FE1D98C88300CE6BCD /* Products */,
				87C58CCC261FF76209E127BD /* Frameworks */,
				9F49C32FC99AD5259794ABBA /* Pods */,
			);
			sourceTree = "<group>";
		};
		631337FE1D98C88300CE6BCD /* Products */ = {
			isa = PBXGroup;
			children = (
				631337FD1D98C88300CE6BCD /* mainProject.app */,
				63746B5B1DAE0C18008DFE73 /* widgetT.appex */,
			);
			name = Products;
			sourceTree = "<group>";
		};
		631337FF1D98C88300CE6BCD /* mainProject */ = {
			isa = PBXGroup;
			children = (
				631338031D98C88300CE6BCD /* AppDelegate.h */,
				631338041D98C88300CE6BCD /* AppDelegate.m */,
				631338061D98C88300CE6BCD /* ViewController.h */,
				631338071D98C88300CE6BCD /* ViewController.m */,
				631338091D98C88300CE6BCD /* Main.storyboard */,
				6313380C1D98C88300CE6BCD /* Assets.xcassets */,
				6313380E1D98C88300CE6BCD /* LaunchScreen.storyboard */,
				631338111D98C88300CE6BCD /* Info.plist */,
				632E93BB1D9D10AD00D23E19 /* FontAwesome.ttf */,
				631338001D98C88300CE6BCD /* Supporting Files */,
			);
			path = mainProject;
			sourceTree = "<group>";
		};
		631338001D98C88300CE6BCD /* Supporting Files */ = {
			isa = PBXGroup;
			children = (
				631338011D98C88300CE6BCD /* main.m */,
			);
			name = "Supporting Files";
			sourceTree = "<group>";
		};
		63746B5E1DAE0C18008DFE73 /* widgetT */ = {
			isa = PBXGroup;
			children = (
				63746B5F1DAE0C18008DFE73 /* TodayViewController.h */,
				63746B601DAE0C18008DFE73 /* TodayViewController.m */,
				63746B621DAE0C18008DFE73 /* MainInterface.storyboard */,
				63746B651DAE0C18008DFE73 /* Info.plist */,
			);
			path = widgetT;
			sourceTree = "<group>";
		};
		87C58CCC261FF76209E127BD /* Frameworks */ = {
			isa = PBXGroup;
			children = (
				63746B5C1DAE0C18008DFE73 /* NotificationCenter.framework */,
				D79877C71E642EFD58218D25 /* Pods_mainProject.framework */,
				C2A25D426427CD2416FD2FE7 /* Pods_widgetT.framework */,
			);
			name = Frameworks;
			sourceTree = "<group>";
		};
		9F49C32FC99AD5259794ABBA /* Pods */ = {
			isa = PBXGroup;
			children = (
				FE1FE0D87307B25C6313C507 /* Pods-mainProject.debug.xcconfig */,
				A563A50A5FA3334AA06EFE80 /* Pods-mainProject.release.xcconfig */,
				44E75AAA7682857377262237 /* Pods-widgetT.debug.xcconfig */,
				1BD20D64F0E6E8A4A374D8EF /* Pods-widgetT.release.xcconfig */,
			);
			name = Pods;
			sourceTree = "<group>";
		};
/* End PBXGroup section */

/* Begin PBXNativeTarget section */
		631337FC1D98C88300CE6BCD /* mainProject */ = {
			isa = PBXNativeTarget;
			buildConfigurationList = 631338141D98C88300CE6BCD /* Build configuration list for PBXNativeTarget "mainProject" */;
			buildPhases = (
				8F4482B7237FC509BFA8846C /* [CP] Check Pods Manifest.lock */,
				631337F91D98C88300CE6BCD /* Sources */,
				631337FA1D98C88300CE6BCD /* Frameworks */,
				631337FB1D98C88300CE6BCD /* Resources */,
				63746B6C1DAE0C18008DFE73 /* Embed App Extensions */,
				B96F98EDBD65974D8C2D3126 /* [CP] Embed Pods Frameworks */,
				23B8FA807548DA4393CE07C8 /* [CP] Copy Pods Resources */,
			);
			buildRules = (
			);
			dependencies = (
				63746B671DAE0C18008DFE73 /* PBXTargetDependency */,
			);
			name = mainProject;
			productName = mainProject;
			productReference = 631337FD1D98C88300CE6BCD /* mainProject.app */;
			productType = "com.apple.product-type.application";
		};
		63746B5A1DAE0C18008DFE73 /* widgetT */ = {
			isa = PBXNativeTarget;
			buildConfigurationList = 63746B6B1DAE0C18008DFE73 /* Build configuration list for PBXNativeTarget "widgetT" */;
			buildPhases = (
				D591E63D234D30AE580C7015 /* [CP] Check Pods Manifest.lock */,
				63746B571DAE0C18008DFE73 /* Sources */,
				63746B581DAE0C18008DFE73 /* Frameworks */,
				63746B591DAE0C18008DFE73 /* Resources */,
				5805F6D171BBD7B6DE00978A /* [CP] Copy Pods Resources */,
			);
			buildRules = (
			);
			dependencies = (
			);
			name = widgetT;
			productName = widgetT;
			productReference = 63746B5B1DAE0C18008DFE73 /* widgetT.appex */;
			productType = "com.apple.product-type.app-extension";
		};
/* End PBXNativeTarget section */

/* Begin PBXProject section */
		631337F51D98C88300CE6BCD /* Project object */ = {
			isa = PBXProject;
			attributes = {
				LastUpgradeCheck = 0820;
				ORGANIZATIONNAME = David;
				TargetAttributes = {
					631337FC1D98C88300CE6BCD = {
						CreatedOnToolsVersion = 8.0;
						DevelopmentTeam = KG33X22A3L;
						ProvisioningStyle = Automatic;
					};
					63746B5A1DAE0C18008DFE73 = {
						CreatedOnToolsVersion = 8.0;
						DevelopmentTeam = KG33X22A3L;
						ProvisioningStyle = Automatic;
					};
				};
			};
			buildConfigurationList = 631337F81D98C88300CE6BCD /* Build configuration list for PBXProject "mainProject" */;
			compatibilityVersion = "Xcode 3.2";
			developmentRegion = English;
			hasScannedForEncodings = 0;
			knownRegions = (
				en,
				Base,
			);
			mainGroup = 631337F41D98C88300CE6BCD;
			productRefGroup = 631337FE1D98C88300CE6BCD /* Products */;
			projectDirPath = "";
			projectRoot = "";
			targets = (
				631337FC1D98C88300CE6BCD /* mainProject */,
				63746B5A1DAE0C18008DFE73 /* widgetT */,
			);
		};
/* End PBXProject section */

/* Begin PBXResourcesBuildPhase section */
		631337FB1D98C88300CE6BCD /* Resources */ = {
			isa = PBXResourcesBuildPhase;
			buildActionMask = 2147483647;
			files = (
				631338101D98C88300CE6BCD /* LaunchScreen.storyboard in Resources */,
				6313380D1D98C88300CE6BCD /* Assets.xcassets in Resources */,
				6313380B1D98C88300CE6BCD /* Main.storyboard in Resources */,
				632E93BC1D9D10AD00D23E19 /* FontAwesome.ttf in Resources */,
			);
			runOnlyForDeploymentPostprocessing = 0;
		};
		63746B591DAE0C18008DFE73 /* Resources */ = {
			isa = PBXResourcesBuildPhase;
			buildActionMask = 2147483647;
			files = (
				63746B641DAE0C18008DFE73 /* MainInterface.storyboard in Resources */,
			);
			runOnlyForDeploymentPostprocessing = 0;
		};
/* End PBXResourcesBuildPhase section */

/* Begin PBXShellScriptBuildPhase section */
		23B8FA807548DA4393CE07C8 /* [CP] Copy Pods Resources */ = {
			isa = PBXShellScriptBuildPhase;
			buildActionMask = 2147483647;
			files = (
			);
			inputPaths = (
			);
			name = "[CP] Copy Pods Resources";
			outputPaths = (
			);
			runOnlyForDeploymentPostprocessing = 0;
			shellPath = /bin/sh;
			shellScript = "\"${SRCROOT}/Pods/Target Support Files/Pods-mainProject/Pods-mainProject-resources.sh\"\n";
			showEnvVarsInLog = 0;
		};
		5805F6D171BBD7B6DE00978A /* [CP] Copy Pods Resources */ = {
			isa = PBXShellScriptBuildPhase;
			buildActionMask = 2147483647;
			files = (
			);
			inputPaths = (
			);
			name = "[CP] Copy Pods Resources";
			outputPaths = (
			);
			runOnlyForDeploymentPostprocessing = 0;
			shellPath = /bin/sh;
			shellScript = "\"${SRCROOT}/Pods/Target Support Files/Pods-widgetT/Pods-widgetT-resources.sh\"\n";
			showEnvVarsInLog = 0;
		};
		8F4482B7237FC509BFA8846C /* [CP] Check Pods Manifest.lock */ = {
			isa = PBXShellScriptBuildPhase;
			buildActionMask = 2147483647;
			files = (
			);
			inputPaths = (
			);
			name = "[CP] Check Pods Manifest.lock";
			outputPaths = (
			);
			runOnlyForDeploymentPostprocessing = 0;
			shellPath = /bin/sh;
			shellScript = "diff \"${PODS_ROOT}/../Podfile.lock\" \"${PODS_ROOT}/Manifest.lock\" > /dev/null\nif [ $? != 0 ] ; then\n    # print error to STDERR\n    echo \"error: The sandbox is not in sync with the Podfile.lock. Run 'pod install' or update your CocoaPods installation.\" >&2\n    exit 1\nfi\n";
			showEnvVarsInLog = 0;
		};
		B96F98EDBD65974D8C2D3126 /* [CP] Embed Pods Frameworks */ = {
			isa = PBXShellScriptBuildPhase;
			buildActionMask = 2147483647;
			files = (
			);
			inputPaths = (
			);
			name = "[CP] Embed Pods Frameworks";
			outputPaths = (
			);
			runOnlyForDeploymentPostprocessing = 0;
			shellPath = /bin/sh;
			shellScript = "\"${SRCROOT}/Pods/Target Support Files/Pods-mainProject/Pods-mainProject-frameworks.sh\"\n";
			showEnvVarsInLog = 0;
		};
		D591E63D234D30AE580C7015 /* [CP] Check Pods Manifest.lock */ = {
			isa = PBXShellScriptBuildPhase;
			buildActionMask = 2147483647;
			files = (
			);
			inputPaths = (
			);
			name = "[CP] Check Pods Manifest.lock";
			outputPaths = (
			);
			runOnlyForDeploymentPostprocessing = 0;
			shellPath = /bin/sh;
			shellScript = "diff \"${PODS_ROOT}/../Podfile.lock\" \"${PODS_ROOT}/Manifest.lock\" > /dev/null\nif [ $? != 0 ] ; then\n    # print error to STDERR\n    echo \"error: The sandbox is not in sync with the Podfile.lock. Run 'pod install' or update your CocoaPods installation.\" >&2\n    exit 1\nfi\n";
			showEnvVarsInLog = 0;
		};
/* End PBXShellScriptBuildPhase section */

/* Begin PBXSourcesBuildPhase section */
		631337F91D98C88300CE6BCD /* Sources */ = {
			isa = PBXSourcesBuildPhase;
			buildActionMask = 2147483647;
			files = (
				631338081D98C88300CE6BCD /* ViewController.m in Sources */,
				631338051D98C88300CE6BCD /* AppDelegate.m in Sources */,
				631338021D98C88300CE6BCD /* main.m in Sources */,
			);
			runOnlyForDeploymentPostprocessing = 0;
		};
		63746B571DAE0C18008DFE73 /* Sources */ = {
			isa = PBXSourcesBuildPhase;
			buildActionMask = 2147483647;
			files = (
				63746B611DAE0C18008DFE73 /* TodayViewController.m in Sources */,
			);
			runOnlyForDeploymentPostprocessing = 0;
		};
/* End PBXSourcesBuildPhase section */

/* Begin PBXTargetDependency section */
		63746B671DAE0C18008DFE73 /* PBXTargetDependency */ = {
			isa = PBXTargetDependency;
			target = 63746B5A1DAE0C18008DFE73 /* widgetT */;
			targetProxy = 63746B661DAE0C18008DFE73 /* PBXContainerItemProxy */;
		};
/* End PBXTargetDependency section */

/* Begin PBXVariantGroup section */
		631338091D98C88300CE6BCD /* Main.storyboard */ = {
			isa = PBXVariantGroup;
			children = (
				6313380A1D98C88300CE6BCD /* Base */,
			);
			name = Main.storyboard;
			sourceTree = "<group>";
		};
		6313380E1D98C88300CE6BCD /* LaunchScreen.storyboard */ = {
			isa = PBXVariantGroup;
			children = (
				6313380F1D98C88300CE6BCD /* Base */,
			);
			name = LaunchScreen.storyboard;
			sourceTree = "<group>";
		};
		63746B621DAE0C18008DFE73 /* MainInterface.storyboard */ = {
			isa = PBXVariantGroup;
			children = (
				63746B631DAE0C18008DFE73 /* Base */,
			);
			name = MainInterface.storyboard;
			sourceTree = "<group>";
		};
/* End PBXVariantGroup section */

/* Begin XCBuildConfiguration section */
		631338121D98C88300CE6BCD /* Debug */ = {
			isa = XCBuildConfiguration;
			buildSettings = {
				ALWAYS_SEARCH_USER_PATHS = NO;
				CLANG_ANALYZER_NONNULL = YES;
				CLANG_CXX_LANGUAGE_STANDARD = "gnu++0x";
				CLANG_CXX_LIBRARY = "libc++";
				CLANG_ENABLE_MODULES = YES;
				CLANG_ENABLE_OBJC_ARC = YES;
				CLANG_WARN_BOOL_CONVERSION = YES;
				CLANG_WARN_CONSTANT_CONVERSION = YES;
				CLANG_WARN_DIRECT_OBJC_ISA_USAGE = YES_ERROR;
				CLANG_WARN_DOCUMENTATION_COMMENTS = YES;
				CLANG_WARN_EMPTY_BODY = YES;
				CLANG_WARN_ENUM_CONVERSION = YES;
				CLANG_WARN_INFINITE_RECURSION = YES;
				CLANG_WARN_INT_CONVERSION = YES;
				CLANG_WARN_OBJC_ROOT_CLASS = YES_ERROR;
				CLANG_WARN_SUSPICIOUS_MOVE = YES;
				CLANG_WARN_SUSPICIOUS_MOVES = YES;
				CLANG_WARN_UNREACHABLE_CODE = YES;
				CLANG_WARN__DUPLICATE_METHOD_MATCH = YES;
				"CODE_SIGN_IDENTITY[sdk=iphoneos*]" = "iPhone Developer";
				COPY_PHASE_STRIP = NO;
				DEBUG_INFORMATION_FORMAT = dwarf;
				ENABLE_STRICT_OBJC_MSGSEND = YES;
				ENABLE_TESTABILITY = YES;
				GCC_C_LANGUAGE_STANDARD = gnu99;
				GCC_DYNAMIC_NO_PIC = NO;
				GCC_NO_COMMON_BLOCKS = YES;
				GCC_OPTIMIZATION_LEVEL = 0;
				GCC_PREPROCESSOR_DEFINITIONS = (
					"DEBUG=1",
					"$(inherited)",
				);
				GCC_WARN_64_TO_32_BIT_CONVERSION = YES;
				GCC_WARN_ABOUT_RETURN_TYPE = YES_ERROR;
				GCC_WARN_UNDECLARED_SELECTOR = YES;
				GCC_WARN_UNINITIALIZED_AUTOS = YES_AGGRESSIVE;
				GCC_WARN_UNUSED_FUNCTION = YES;
				GCC_WARN_UNUSED_VARIABLE = YES;
				IPHONEOS_DEPLOYMENT_TARGET = 10.0;
				MTL_ENABLE_DEBUG_INFO = YES;
				ONLY_ACTIVE_ARCH = YES;
				SDKROOT = iphoneos;
			};
			name = Debug;
		};
		631338131D98C88300CE6BCD /* Release */ = {
			isa = XCBuildConfiguration;
			buildSettings = {
				ALWAYS_SEARCH_USER_PATHS = NO;
				CLANG_ANALYZER_NONNULL = YES;
				CLANG_CXX_LANGUAGE_STANDARD = "gnu++0x";
				CLANG_CXX_LIBRARY = "libc++";
				CLANG_ENABLE_MODULES = YES;
				CLANG_ENABLE_OBJC_ARC = YES;
				CLANG_WARN_BOOL_CONVERSION = YES;
				CLANG_WARN_CONSTANT_CONVERSION = YES;
				CLANG_WARN_DIRECT_OBJC_ISA_USAGE = YES_ERROR;
				CLANG_WARN_DOCUMENTATION_COMMENTS = YES;
				CLANG_WARN_EMPTY_BODY = YES;
				CLANG_WARN_ENUM_CONVERSION = YES;
				CLANG_WARN_INFINITE_RECURSION = YES;
				CLANG_WARN_INT_CONVERSION = YES;
				CLANG_WARN_OBJC_ROOT_CLASS = YES_ERROR;
				CLANG_WARN_SUSPICIOUS_MOVE = YES;
				CLANG_WARN_SUSPICIOUS_MOVES = YES;
				CLANG_WARN_UNREACHABLE_CODE = YES;
				CLANG_WARN__DUPLICATE_METHOD_MATCH = YES;
				"CODE_SIGN_IDENTITY[sdk=iphoneos*]" = "iPhone Developer";
				COPY_PHASE_STRIP = NO;
				DEBUG_INFORMATION_FORMAT = "dwarf-with-dsym";
				ENABLE_NS_ASSERTIONS = NO;
				ENABLE_STRICT_OBJC_MSGSEND = YES;
				GCC_C_LANGUAGE_STANDARD = gnu99;
				GCC_NO_COMMON_BLOCKS = YES;
				GCC_WARN_64_TO_32_BIT_CONVERSION = YES;
				GCC_WARN_ABOUT_RETURN_TYPE = YES_ERROR;
				GCC_WARN_UNDECLARED_SELECTOR = YES;
				GCC_WARN_UNINITIALIZED_AUTOS = YES_AGGRESSIVE;
				GCC_WARN_UNUSED_FUNCTION = YES;
				GCC_WARN_UNUSED_VARIABLE = YES;
				IPHONEOS_DEPLOYMENT_TARGET = 10.0;
				MTL_ENABLE_DEBUG_INFO = NO;
				SDKROOT = iphoneos;
				VALIDATE_PRODUCT = YES;
			};
			name = Release;
		};
		631338151D98C88300CE6BCD /* Debug */ = {
			isa = XCBuildConfiguration;
			baseConfigurationReference = FE1FE0D87307B25C6313C507 /* Pods-mainProject.debug.xcconfig */;
			buildSettings = {
				ALWAYS_EMBED_SWIFT_STANDARD_LIBRARIES = YES;
				ASSETCATALOG_COMPILER_APPICON_NAME = AppIcon;
				ASSETCATALOG_COMPILER_LAUNCHIMAGE_NAME = LaunchImage;
				DEVELOPMENT_TEAM = KG33X22A3L;
				INFOPLIST_FILE = mainProject/Info.plist;
				IPHONEOS_DEPLOYMENT_TARGET = 10.0;
				LD_RUNPATH_SEARCH_PATHS = "$(inherited) @executable_path/Frameworks";
				PRODUCT_BUNDLE_IDENTIFIER = com.xbchzh.mainProject;
				PRODUCT_NAME = "$(TARGET_NAME)";
			};
			name = Debug;
		};
		631338161D98C88300CE6BCD /* Release */ = {
			isa = XCBuildConfiguration;
			baseConfigurationReference = A563A50A5FA3334AA06EFE80 /* Pods-mainProject.release.xcconfig */;
			buildSettings = {
				ALWAYS_EMBED_SWIFT_STANDARD_LIBRARIES = YES;
				ASSETCATALOG_COMPILER_APPICON_NAME = AppIcon;
				ASSETCATALOG_COMPILER_LAUNCHIMAGE_NAME = LaunchImage;
				DEVELOPMENT_TEAM = KG33X22A3L;
				INFOPLIST_FILE = mainProject/Info.plist;
				IPHONEOS_DEPLOYMENT_TARGET = 10.0;
				LD_RUNPATH_SEARCH_PATHS = "$(inherited) @executable_path/Frameworks";
				PRODUCT_BUNDLE_IDENTIFIER = com.xbchzh.mainProject;
				PRODUCT_NAME = "$(TARGET_NAME)";
			};
			name = Release;
		};
		63746B691DAE0C18008DFE73 /* Debug */ = {
			isa = XCBuildConfiguration;
			baseConfigurationReference = 44E75AAA7682857377262237 /* Pods-widgetT.debug.xcconfig */;
			buildSettings = {
				DEVELOPMENT_TEAM = KG33X22A3L;
				INFOPLIST_FILE = widgetT/Info.plist;
				LD_RUNPATH_SEARCH_PATHS = "$(inherited) @executable_path/Frameworks @executable_path/../../Frameworks";
				PRODUCT_BUNDLE_IDENTIFIER = com.xbchzh.mainProject.widgetT;
				PRODUCT_NAME = "$(TARGET_NAME)";
				SKIP_INSTALL = YES;
			};
			name = Debug;
		};
		63746B6A1DAE0C18008DFE73 /* Release */ = {
			isa = XCBuildConfiguration;
			baseConfigurationReference = 1BD20D64F0E6E8A4A374D8EF /* Pods-widgetT.release.xcconfig */;
			buildSettings = {
				DEVELOPMENT_TEAM = KG33X22A3L;
				INFOPLIST_FILE = widgetT/Info.plist;
				LD_RUNPATH_SEARCH_PATHS = "$(inherited) @executable_path/Frameworks @executable_path/../../Frameworks";
				PRODUCT_BUNDLE_IDENTIFIER = com.xbchzh.mainProject.widgetT;
				PRODUCT_NAME = "$(TARGET_NAME)";
				SKIP_INSTALL = YES;
			};
			name = Release;
		};
/* End XCBuildConfiguration section */

/* Begin XCConfigurationList section */
		631337F81D98C88300CE6BCD /* Build configuration list for PBXProject "mainProject" */ = {
			isa = XCConfigurationList;
			buildConfigurations = (
				631338121D98C88300CE6BCD /* Debug */,
				631338131D98C88300CE6BCD /* Release */,
			);
			defaultConfigurationIsVisible = 0;
			defaultConfigurationName = Release;
		};
		631338141D98C88300CE6BCD /* Build configuration list for PBXNativeTarget "mainProject" */ = {
			isa = XCConfigurationList;
			buildConfigurations = (
				631338151D98C88300CE6BCD /* Debug */,
				631338161D98C88300CE6BCD /* Release */,
			);
			defaultConfigurationIsVisible = 0;
			defaultConfigurationName = Release;
		};
		63746B6B1DAE0C18008DFE73 /* Build configuration list for PBXNativeTarget "widgetT" */ = {
			isa = XCConfigurationList;
			buildConfigurations = (
				63746B691DAE0C18008DFE73 /* Debug */,
				63746B6A1DAE0C18008DFE73 /* Release */,
			);
			defaultConfigurationIsVisible = 0;
			defaultConfigurationName = Release;
		};
/* End XCConfigurationList section */
	};
	rootObject = 631337F51D98C88300CE6BCD /* Project object */;
}
